
Microsoft Visual Studio Solution File, Format Version 12.00
# Visual Studio 2012
Project("{FAE04EC0-301F-11D3-BF4B-00C04F79EFBC}") = "BinaryOperations", "BinaryOperations\BinaryOperations.csproj", "{79624025-336E-4C3E-9E13-6D955F27B03E}"
EndProject
Global
	GlobalSection(SolutionConfigurationPlatforms) = preSolution
		Debug|Any CPU = Debug|Any CPU
		Release|Any CPU = Release|Any CPU
	EndGlobalSection
	GlobalSection(ProjectConfigurationPlatforms) = postSolution
		{79624025-336E-4C3E-9E13-6D955F27B03E}.Debug|Any CPU.ActiveCfg = Debug|Any CPU
		{79624025-336E-4C3E-9E13-6D955F27B03E}.Debug|Any CPU.Build.0 = Debug|Any CPU
		{79624025-336E-4C3E-9E13-6D955F27B03E}.Release|Any CPU.ActiveCfg = Release|Any CPU
		{79624025-336E-4C3E-9E13-6D955F27B03E}.Release|Any CPU.Build.0 = Release|Any CPU
	EndGlobalSection
	GlobalSection(SolutionProperties) = preSolution
		HideSolutionNode = FALSE
	EndGlobalSection
EndGlobal
